
Microsoft Visual Studio Solution File, Format Version 12.00
# Visual Studio Version 17
VisualStudioVersion = 17.6.33815.320
MinimumVisualStudioVersion = 10.0.40219.1
Project("{FAE04EC0-301F-11D3-BF4B-00C04F79EFBC}") = "BlueTree.App", "BlueTree.App\BlueTree.App.csproj", "{7AAB0F8F-0606-46AD-B7A8-277BAD4F1DFF}"
EndProject
Project("{FAE04EC0-301F-11D3-BF4B-00C04F79EFBC}") = "BlueTree.SuperMarketEntities", "BlueTree.SuperMarketEntities\BlueTree.SuperMarketEntities.csproj", "{D797B96E-F2DE-4521-AE14-68DA5E823CE0}"
EndProject
Project("{FAE04EC0-301F-11D3-BF4B-00C04F79EFBC}") = "BlueTree.Tests", "BlueTree.Tests\BlueTree.Tests.csproj", "{7DC60B4F-45E9-4A67-B702-A33B487F3370}"
EndProject
Global
	GlobalSection(SolutionConfigurationPlatforms) = preSolution
		Debug|Any CPU = Debug|Any CPU
		Release|Any CPU = Release|Any CPU
	EndGlobalSection
	GlobalSection(ProjectConfigurationPlatforms) = postSolution
		{7AAB0F8F-0606-46AD-B7A8-277BAD4F1DFF}.Debug|Any CPU.ActiveCfg = Debug|Any CPU
		{7AAB0F8F-0606-46AD-B7A8-277BAD4F1DFF}.Debug|Any CPU.Build.0 = Debug|Any CPU
		{7AAB0F8F-0606-46AD-B7A8-277BAD4F1DFF}.Release|Any CPU.ActiveCfg = Release|Any CPU
		{7AAB0F8F-0606-46AD-B7A8-277BAD4F1DFF}.Release|Any CPU.Build.0 = Release|Any CPU
		{D797B96E-F2DE-4521-AE14-68DA5E823CE0}.Debug|Any CPU.ActiveCfg = Debug|Any CPU
		{D797B96E-F2DE-4521-AE14-68DA5E823CE0}.Debug|Any CPU.Build.0 = Debug|Any CPU
		{D797B96E-F2DE-4521-AE14-68DA5E823CE0}.Release|Any CPU.ActiveCfg = Release|Any CPU
		{D797B96E-F2DE-4521-AE14-68DA5E823CE0}.Release|Any CPU.Build.0 = Release|Any CPU
		{7DC60B4F-45E9-4A67-B702-A33B487F3370}.Debug|Any CPU.ActiveCfg = Debug|Any CPU
		{7DC60B4F-45E9-4A67-B702-A33B487F3370}.Debug|Any CPU.Build.0 = Debug|Any CPU
		{7DC60B4F-45E9-4A67-B702-A33B487F3370}.Release|Any CPU.ActiveCfg = Release|Any CPU
		{7DC60B4F-45E9-4A67-B702-A33B487F3370}.Release|Any CPU.Build.0 = Release|Any CPU
	EndGlobalSection
	GlobalSection(SolutionProperties) = preSolution
		HideSolutionNode = FALSE
	EndGlobalSection
	GlobalSection(ExtensibilityGlobals) = postSolution
		SolutionGuid = {D567A949-AF82-4F8F-922D-E59D8264ACF2}
	EndGlobalSection
EndGlobal
